// !$*UTF8*$!
{
	archiveVersion = 1;
	classes = {
	};
	objectVersion = 77;
	objects = {

/* Begin PBXBuildFile section */
		267E641F2EC77D86001EDD15 /* Constants.swift in Sources */ = {isa = PBXBuildFile; fileRef = 267E64182EC77D86001EDD15 /* Constants.swift */; };
		267E64202EC77D86001EDD15 /* EventTapManager.swift in Sources */ = {isa = PBXBuildFile; fileRef = 267E63B82EC77D86001EDD15 /* EventTapManager.swift */; };
		267E64212EC77D86001EDD15 /* KeyPressSimulator.swift in Sources */ = {isa = PBXBuildFile; fileRef = 267E63BA2EC77D86001EDD15 /* KeyPressSimulator.swift */; };
		267E64222EC77D86001EDD15 /* AppSettingsView.swift in Sources */ = {isa = PBXBuildFile; fileRef = 267E641A2EC77D86001EDD15 /* AppSettingsView.swift */; };
		267E64232EC77D86001EDD15 /* ContentView.swift in Sources */ = {isa = PBXBuildFile; fileRef = 267E641B2EC77D86001EDD15 /* ContentView.swift */; };
		267E64242EC77D86001EDD15 /* Stratagem.swift in Sources */ = {isa = PBXBuildFile; fileRef = 267E63B52EC77D86001EDD15 /* Stratagem.swift */; };
		267E64252EC77D86001EDD15 /* StratagemManager.swift in Sources */ = {isa = PBXBuildFile; fileRef = 267E63BB2EC77D86001EDD15 /* StratagemManager.swift */; };
		267E64262EC77D86001EDD15 /* NSImage+Stratagem.swift in Sources */ = {isa = PBXBuildFile; fileRef = 267E63AF2EC77D86001EDD15 /* NSImage+Stratagem.swift */; };
		267E64272EC77D86001EDD15 /* AccessibilityManager.swift in Sources */ = {isa = PBXBuildFile; fileRef = 267E63B72EC77D86001EDD15 /* AccessibilityManager.swift */; };
		267E64282EC77D86001EDD15 /* StratagemPickerView.swift in Sources */ = {isa = PBXBuildFile; fileRef = 267E641C2EC77D86001EDD15 /* StratagemPickerView.swift */; };
		267E647F2EC77D86001EDD15 /* user_data.json in Resources */ = {isa = PBXBuildFile; fileRef = 267E63B32EC77D86001EDD15 /* user_data.json */; };
		A3B4C5D6E7F8A9B0C1D2E3F4 /* LoadoutGridReader.swift in Sources */ = {isa = PBXBuildFile; fileRef = A3B4C5D6E7F8A9B0C1D2E3F5 /* LoadoutGridReader.swift */; };
		B1A2C3D4E5F6A7B8C9D0E1F2 /* LoadoutGridDebugViews.swift in Sources */ = {isa = PBXBuildFile; fileRef = B1A2C3D4E5F6A7B8C9D0E1F3 /* LoadoutGridDebugViews.swift */; };
		DE18D2A5AA434B21B7B9DAC9 /* ScreenCapture.swift in Sources */ = {isa = PBXBuildFile; fileRef = 91505007F29F4789AA69109A /* ScreenCapture.swift */; };
		5A1D0001C0DE0000000000B1 /* StratagemDataStore.swift in Sources */ = {isa = PBXBuildFile; fileRef = 5A1D0001C0DE0000000000F1 /* StratagemDataStore.swift */; };
		5A1D0002C0DE0000000000B2 /* stratagems.zip in Resources */ = {isa = PBXBuildFile; fileRef = 5A1D0002C0DE0000000000F2 /* stratagems.zip */; };
/* End PBXBuildFile section */

/* Begin PBXFileReference section */
		267E639F2EC77CFB001EDD15 /* HellPad.app */ = {isa = PBXFileReference; explicitFileType = wrapper.application; includeInIndex = 0; path = HellPad.app; sourceTree = BUILT_PRODUCTS_DIR; };
		267E63AF2EC77D86001EDD15 /* NSImage+Stratagem.swift */ = {isa = PBXFileReference; lastKnownFileType = sourcecode.swift; path = "NSImage+Stratagem.swift"; sourceTree = "<group>"; };
		267E63B32EC77D86001EDD15 /* user_data.json */ = {isa = PBXFileReference; lastKnownFileType = text.json; path = user_data.json; sourceTree = "<group>"; };
		267E63B52EC77D86001EDD15 /* Stratagem.swift */ = {isa = PBXFileReference; lastKnownFileType = sourcecode.swift; path = Stratagem.swift; sourceTree = "<group>"; };
		267E63B72EC77D86001EDD15 /* AccessibilityManager.swift */ = {isa = PBXFileReference; lastKnownFileType = sourcecode.swift; path = AccessibilityManager.swift; sourceTree = "<group>"; };
		267E63B82EC77D86001EDD15 /* EventTapManager.swift */ = {isa = PBXFileReference; lastKnownFileType = sourcecode.swift; path = EventTapManager.swift; sourceTree = "<group>"; };
		267E63BA2EC77D86001EDD15 /* KeyPressSimulator.swift */ = {isa = PBXFileReference; lastKnownFileType = sourcecode.swift; path = KeyPressSimulator.swift; sourceTree = "<group>"; };
		267E63BB2EC77D86001EDD15 /* StratagemManager.swift */ = {isa = PBXFileReference; lastKnownFileType = sourcecode.swift; path = StratagemManager.swift; sourceTree = "<group>"; };
		267E64182EC77D86001EDD15 /* Constants.swift */ = {isa = PBXFileReference; lastKnownFileType = sourcecode.swift; path = Constants.swift; sourceTree = "<group>"; };
		267E641A2EC77D86001EDD15 /* AppSettingsView.swift */ = {isa = PBXFileReference; lastKnownFileType = sourcecode.swift; path = AppSettingsView.swift; sourceTree = "<group>"; };
		267E641B2EC77D86001EDD15 /* ContentView.swift */ = {isa = PBXFileReference; lastKnownFileType = sourcecode.swift; path = ContentView.swift; sourceTree = "<group>"; };
		267E641C2EC77D86001EDD15 /* StratagemPickerView.swift */ = {isa = PBXFileReference; lastKnownFileType = sourcecode.swift; path = StratagemPickerView.swift; sourceTree = "<group>"; };
		91505007F29F4789AA69109A /* ScreenCapture.swift */ = {isa = PBXFileReference; lastKnownFileType = sourcecode.swift; path = ScreenCapture.swift; sourceTree = "<group>"; };
		A3B4C5D6E7F8A9B0C1D2E3F5 /* LoadoutGridReader.swift */ = {isa = PBXFileReference; lastKnownFileType = sourcecode.swift; path = LoadoutGridReader.swift; sourceTree = "<group>"; };
		B1A2C3D4E5F6A7B8C9D0E1F3 /* LoadoutGridDebugViews.swift */ = {isa = PBXFileReference; lastKnownFileType = sourcecode.swift; path = LoadoutGridDebugViews.swift; sourceTree = "<group>"; };
		5A1D0001C0DE0000000000F1 /* StratagemDataStore.swift */ = {isa = PBXFileReference; lastKnownFileType = sourcecode.swift; path = StratagemDataStore.swift; sourceTree = "<group>"; };
		5A1D0002C0DE0000000000F2 /* stratagems.zip */ = {isa = PBXFileReference; lastKnownFileType = archive.zip; path = stratagems.zip; sourceTree = "<group>"; };
/* End PBXFileReference section */

/* Begin PBXFileSystemSynchronizedBuildFileExceptionSet section */
		267E64872EC77E8F001EDD15 /* Exceptions for "HellPad" folder in "HellPad" target */ = {
			isa = PBXFileSystemSynchronizedBuildFileExceptionSet;
			membershipExceptions = (
				Info.plist,
			);
			target = 267E639E2EC77CFB001EDD15 /* HellPad */;
		};
/* End PBXFileSystemSynchronizedBuildFileExceptionSet section */

/* Begin PBXFileSystemSynchronizedRootGroup section */
		267E63A12EC77CFB001EDD15 /* HellPad */ = {
			isa = PBXFileSystemSynchronizedRootGroup;
			exceptions = (
				267E64872EC77E8F001EDD15 /* Exceptions for "HellPad" folder in "HellPad" target */,
			);
			path = HellPad;
			sourceTree = "<group>";
		};
/* End PBXFileSystemSynchronizedRootGroup section */

/* Begin PBXFrameworksBuildPhase section */
		267E639C2EC77CFB001EDD15 /* Frameworks */ = {
			isa = PBXFrameworksBuildPhase;
			buildActionMask = 2147483647;
			files = (
			);
			runOnlyForDeploymentPostprocessing = 0;
		};
/* End PBXFrameworksBuildPhase section */

/* Begin PBXGroup section */
		267E63962EC77CFB001EDD15 = {
			isa = PBXGroup;
			children = (
				267E63B02EC77D86001EDD15 /* Extensions */,
				267E63B42EC77D86001EDD15 /* JsonData */,
				267E63B62EC77D86001EDD15 /* Models */,
				267E63BC2EC77D86001EDD15 /* Services */,
				267E64192EC77D86001EDD15 /* Utils */,
				267E641D2EC77D86001EDD15 /* Views */,
				267E63A12EC77CFB001EDD15 /* HellPad */,
				267E63A02EC77CFB001EDD15 /* Products */,
			);
			sourceTree = "<group>";
		};
		267E63A02EC77CFB001EDD15 /* Products */ = {
			isa = PBXGroup;
			children = (
				267E639F2EC77CFB001EDD15 /* HellPad.app */,
			);
			name = Products;
			sourceTree = "<group>";
		};
		267E63B02EC77D86001EDD15 /* Extensions */ = {
			isa = PBXGroup;
			children = (
				267E63AF2EC77D86001EDD15 /* NSImage+Stratagem.swift */,
			);
			path = Extensions;
			sourceTree = "<group>";
		};
		267E63B42EC77D86001EDD15 /* JsonData */ = {
			isa = PBXGroup;
			children = (
				5A1D0002C0DE0000000000F2 /* stratagems.zip */,
				267E63B32EC77D86001EDD15 /* user_data.json */,
			);
			path = JsonData;
			sourceTree = "<group>";
		};
		267E63B62EC77D86001EDD15 /* Models */ = {
			isa = PBXGroup;
			children = (
				267E63B52EC77D86001EDD15 /* Stratagem.swift */,
			);
			path = Models;
			sourceTree = "<group>";
		};
		267E63BC2EC77D86001EDD15 /* Services */ = {
			isa = PBXGroup;
			children = (
				267E63B72EC77D86001EDD15 /* AccessibilityManager.swift */,
				267E63B82EC77D86001EDD15 /* EventTapManager.swift */,
				267E63BA2EC77D86001EDD15 /* KeyPressSimulator.swift */,
				267E63BB2EC77D86001EDD15 /* StratagemManager.swift */,
				91505007F29F4789AA69109A /* ScreenCapture.swift */,
				A3B4C5D6E7F8A9B0C1D2E3F5 /* LoadoutGridReader.swift */,
				5A1D0001C0DE0000000000F1 /* StratagemDataStore.swift */,
			);
			path = Services;
			sourceTree = "<group>";
		};
		267E64192EC77D86001EDD15 /* Utils */ = {
			isa = PBXGroup;
			children = (
				267E64182EC77D86001EDD15 /* Constants.swift */,
			);
			path = Utils;
			sourceTree = "<group>";
		};
		267E641D2EC77D86001EDD15 /* Views */ = {
			isa = PBXGroup;
			children = (
				267E641A2EC77D86001EDD15 /* AppSettingsView.swift */,
				267E641B2EC77D86001EDD15 /* ContentView.swift */,
				B1A2C3D4E5F6A7B8C9D0E1F3 /* LoadoutGridDebugViews.swift */,
				267E641C2EC77D86001EDD15 /* StratagemPickerView.swift */,
			);
			path = Views;
			sourceTree = "<group>";
		};
/* End PBXGroup section */

/* Begin PBXNativeTarget section */
		267E639E2EC77CFB001EDD15 /* HellPad */ = {
			isa = PBXNativeTarget;
			buildConfigurationList = 267E63AA2EC77CFC001EDD15 /* Build configuration list for PBXNativeTarget "HellPad" */;
			buildPhases = (
				267E639B2EC77CFB001EDD15 /* Sources */,
				267E639C2EC77CFB001EDD15 /* Frameworks */,
				267E639D2EC77CFB001EDD15 /* Resources */,
			);
			buildRules = (
			);
			dependencies = (
			);
			fileSystemSynchronizedGroups = (
				267E63A12EC77CFB001EDD15 /* HellPad */,
			);
			name = HellPad;
			packageProductDependencies = (
			);
			productName = HellPad;
			productReference = 267E639F2EC77CFB001EDD15 /* HellPad.app */;
			productType = "com.apple.product-type.application";
		};
/* End PBXNativeTarget section */

/* Begin PBXProject section */
		267E63972EC77CFB001EDD15 /* Project object */ = {
			isa = PBXProject;
			attributes = {
				BuildIndependentTargetsInParallel = 1;
				LastSwiftUpdateCheck = 2610;
				LastUpgradeCheck = 2640;
				TargetAttributes = {
					267E639E2EC77CFB001EDD15 = {
						CreatedOnToolsVersion = 26.1;
						LastSwiftMigration = 2610;
					};
				};
			};
			buildConfigurationList = 267E639A2EC77CFB001EDD15 /* Build configuration list for PBXProject "HellPad" */;
			developmentRegion = en;
			hasScannedForEncodings = 0;
			knownRegions = (
				en,
				Base,
			);
			mainGroup = 267E63962EC77CFB001EDD15;
			minimizedProjectReferenceProxies = 1;
			preferredProjectObjectVersion = 77;
			productRefGroup = 267E63A02EC77CFB001EDD15 /* Products */;
			projectDirPath = "";
			projectRoot = "";
			targets = (
				267E639E2EC77CFB001EDD15 /* HellPad */,
			);
		};
/* End PBXProject section */

/* Begin PBXResourcesBuildPhase section */
		267E639D2EC77CFB001EDD15 /* Resources */ = {
			isa = PBXResourcesBuildPhase;
			buildActionMask = 2147483647;
			files = (
				5A1D0002C0DE0000000000B2 /* stratagems.zip in Resources */,
				267E647F2EC77D86001EDD15 /* user_data.json in Resources */,
			);
			runOnlyForDeploymentPostprocessing = 0;
		};
/* End PBXResourcesBuildPhase section */

/* Begin PBXSourcesBuildPhase section */
		267E639B2EC77CFB001EDD15 /* Sources */ = {
			isa = PBXSourcesBuildPhase;
			buildActionMask = 2147483647;
			files = (
				267E641F2EC77D86001EDD15 /* Constants.swift in Sources */,
				267E64202EC77D86001EDD15 /* EventTapManager.swift in Sources */,
				267E64212EC77D86001EDD15 /* KeyPressSimulator.swift in Sources */,
				267E64222EC77D86001EDD15 /* AppSettingsView.swift in Sources */,
				267E64232EC77D86001EDD15 /* ContentView.swift in Sources */,
				267E64242EC77D86001EDD15 /* Stratagem.swift in Sources */,
				267E64252EC77D86001EDD15 /* StratagemManager.swift in Sources */,
				267E64262EC77D86001EDD15 /* NSImage+Stratagem.swift in Sources */,
				267E64272EC77D86001EDD15 /* AccessibilityManager.swift in Sources */,
				267E64282EC77D86001EDD15 /* StratagemPickerView.swift in Sources */,
				B1A2C3D4E5F6A7B8C9D0E1F2 /* LoadoutGridDebugViews.swift in Sources */,
				DE18D2A5AA434B21B7B9DAC9 /* ScreenCapture.swift in Sources */,
				5A1D0001C0DE0000000000B1 /* StratagemDataStore.swift in Sources */,
				A3B4C5D6E7F8A9B0C1D2E3F4 /* LoadoutGridReader.swift in Sources */,
			);
			runOnlyForDeploymentPostprocessing = 0;
		};
/* End PBXSourcesBuildPhase section */

/* Begin XCBuildConfiguration section */
		267E63A82EC77CFC001EDD15 /* Debug */ = {
			isa = XCBuildConfiguration;
			buildSettings = {
				ALWAYS_SEARCH_USER_PATHS = NO;
				ASSETCATALOG_COMPILER_GENERATE_SWIFT_ASSET_SYMBOL_EXTENSIONS = YES;
				CLANG_ANALYZER_NONNULL = YES;
				CLANG_ANALYZER_NUMBER_OBJECT_CONVERSION = YES_AGGRESSIVE;
				CLANG_CXX_LANGUAGE_STANDARD = "gnu++20";
				CLANG_ENABLE_MODULES = YES;
				CLANG_ENABLE_OBJC_ARC = YES;
				CLANG_ENABLE_OBJC_WEAK = YES;
				CLANG_WARN_BLOCK_CAPTURE_AUTORELEASING = YES;
				CLANG_WARN_BOOL_CONVERSION = YES;
				CLANG_WARN_COMMA = YES;
				CLANG_WARN_CONSTANT_CONVERSION = YES;
				CLANG_WARN_DEPRECATED_OBJC_IMPLEMENTATIONS = YES;
				CLANG_WARN_DIRECT_OBJC_ISA_USAGE = YES_ERROR;
				CLANG_WARN_DOCUMENTATION_COMMENTS = YES;
				CLANG_WARN_EMPTY_BODY = YES;
				CLANG_WARN_ENUM_CONVERSION = YES;
				CLANG_WARN_INFINITE_RECURSION = YES;
				CLANG_WARN_INT_CONVERSION = YES;
				CLANG_WARN_NON_LITERAL_NULL_CONVERSION = YES;
				CLANG_WARN_OBJC_IMPLICIT_RETAIN_SELF = YES;
				CLANG_WARN_OBJC_LITERAL_CONVERSION = YES;
				CLANG_WARN_OBJC_ROOT_CLASS = YES_ERROR;
				CLANG_WARN_QUOTED_INCLUDE_IN_FRAMEWORK_HEADER = YES;
				CLANG_WARN_RANGE_LOOP_ANALYSIS = YES;
				CLANG_WARN_STRICT_PROTOTYPES = YES;
				CLANG_WARN_SUSPICIOUS_MOVE = YES;
				CLANG_WARN_UNGUARDED_AVAILABILITY = YES_AGGRESSIVE;
				CLANG_WARN_UNREACHABLE_CODE = YES;
				CLANG_WARN__DUPLICATE_METHOD_MATCH = YES;
				COPY_PHASE_STRIP = NO;
				DEAD_CODE_STRIPPING = YES;
				DEBUG_INFORMATION_FORMAT = dwarf;
				ENABLE_STRICT_OBJC_MSGSEND = YES;
				ENABLE_TESTABILITY = YES;
				ENABLE_USER_SCRIPT_SANDBOXING = YES;
				GCC_C_LANGUAGE_STANDARD = gnu17;
				GCC_DYNAMIC_NO_PIC = NO;
				GCC_NO_COMMON_BLOCKS = YES;
				GCC_OPTIMIZATION_LEVEL = 0;
				GCC_PREPROCESSOR_DEFINITIONS = (
					"DEBUG=1",
					"$(inherited)",
				);
				GCC_WARN_64_TO_32_BIT_CONVERSION = YES;
				GCC_WARN_ABOUT_RETURN_TYPE = YES_ERROR;
				GCC_WARN_UNDECLARED_SELECTOR = YES;
				GCC_WARN_UNINITIALIZED_AUTOS = YES_AGGRESSIVE;
				GCC_WARN_UNUSED_FUNCTION = YES;
				GCC_WARN_UNUSED_VARIABLE = YES;
				LOCALIZATION_PREFERS_STRING_CATALOGS = YES;
				MACOSX_DEPLOYMENT_TARGET = 13.5;
				MTL_ENABLE_DEBUG_INFO = INCLUDE_SOURCE;
				MTL_FAST_MATH = YES;
				ONLY_ACTIVE_ARCH = YES;
				SDKROOT = macosx;
				STRING_CATALOG_GENERATE_SYMBOLS = YES;
				SWIFT_ACTIVE_COMPILATION_CONDITIONS = "DEBUG $(inherited)";
				SWIFT_OPTIMIZATION_LEVEL = "-Onone";
			};
			name = Debug;
		};
		267E63A92EC77CFC001EDD15 /* Release */ = {
			isa = XCBuildConfiguration;
			buildSettings = {
				ALWAYS_SEARCH_USER_PATHS = NO;
				ASSETCATALOG_COMPILER_GENERATE_SWIFT_ASSET_SYMBOL_EXTENSIONS = YES;
				CLANG_ANALYZER_NONNULL = YES;
				CLANG_ANALYZER_NUMBER_OBJECT_CONVERSION = YES_AGGRESSIVE;
				CLANG_CXX_LANGUAGE_STANDARD = "gnu++20";
				CLANG_ENABLE_MODULES = YES;
				CLANG_ENABLE_OBJC_ARC = YES;
				CLANG_ENABLE_OBJC_WEAK = YES;
				CLANG_WARN_BLOCK_CAPTURE_AUTORELEASING = YES;
				CLANG_WARN_BOOL_CONVERSION = YES;
				CLANG_WARN_COMMA = YES;
				CLANG_WARN_CONSTANT_CONVERSION = YES;
				CLANG_WARN_DEPRECATED_OBJC_IMPLEMENTATIONS = YES;
				CLANG_WARN_DIRECT_OBJC_ISA_USAGE = YES_ERROR;
				CLANG_WARN_DOCUMENTATION_COMMENTS = YES;
				CLANG_WARN_EMPTY_BODY = YES;
				CLANG_WARN_ENUM_CONVERSION = YES;
				CLANG_WARN_INFINITE_RECURSION = YES;
				CLANG_WARN_INT_CONVERSION = YES;
				CLANG_WARN_NON_LITERAL_NULL_CONVERSION = YES;
				CLANG_WARN_OBJC_IMPLICIT_RETAIN_SELF = YES;
				CLANG_WARN_OBJC_LITERAL_CONVERSION = YES;
				CLANG_WARN_OBJC_ROOT_CLASS = YES_ERROR;
				CLANG_WARN_QUOTED_INCLUDE_IN_FRAMEWORK_HEADER = YES;
				CLANG_WARN_RANGE_LOOP_ANALYSIS = YES;
				CLANG_WARN_STRICT_PROTOTYPES = YES;
				CLANG_WARN_SUSPICIOUS_MOVE = YES;
				CLANG_WARN_UNGUARDED_AVAILABILITY = YES_AGGRESSIVE;
				CLANG_WARN_UNREACHABLE_CODE = YES;
				CLANG_WARN__DUPLICATE_METHOD_MATCH = YES;
				COPY_PHASE_STRIP = NO;
				DEAD_CODE_STRIPPING = YES;
				DEBUG_INFORMATION_FORMAT = "dwarf-with-dsym";
				ENABLE_NS_ASSERTIONS = NO;
				ENABLE_STRICT_OBJC_MSGSEND = YES;
				ENABLE_USER_SCRIPT_SANDBOXING = YES;
				GCC_C_LANGUAGE_STANDARD = gnu17;
				GCC_NO_COMMON_BLOCKS = YES;
				GCC_WARN_64_TO_32_BIT_CONVERSION = YES;
				GCC_WARN_ABOUT_RETURN_TYPE = YES_ERROR;
				GCC_WARN_UNDECLARED_SELECTOR = YES;
				GCC_WARN_UNINITIALIZED_AUTOS = YES_AGGRESSIVE;
				GCC_WARN_UNUSED_FUNCTION = YES;
				GCC_WARN_UNUSED_VARIABLE = YES;
				LOCALIZATION_PREFERS_STRING_CATALOGS = YES;
				MACOSX_DEPLOYMENT_TARGET = 13.5;
				MTL_ENABLE_DEBUG_INFO = NO;
				MTL_FAST_MATH = YES;
				SDKROOT = macosx;
				STRING_CATALOG_GENERATE_SYMBOLS = YES;
				SWIFT_COMPILATION_MODE = wholemodule;
			};
			name = Release;
		};
		267E63AB2EC77CFC001EDD15 /* Debug */ = {
			isa = XCBuildConfiguration;
			buildSettings = {
				ASSETCATALOG_COMPILER_APPICON_NAME = AppIcon;
				ASSETCATALOG_COMPILER_GLOBAL_ACCENT_COLOR_NAME = AccentColor;
				AUTOMATION_APPLE_EVENTS = NO;
				CLANG_ENABLE_MODULES = YES;
				"CODE_SIGN_IDENTITY[sdk=macosx*]" = "-";
				CODE_SIGN_STYLE = Automatic;
				COMBINE_HIDPI_IMAGES = YES;
				CURRENT_PROJECT_VERSION = 1;
				DEAD_CODE_STRIPPING = YES;
				DEVELOPMENT_TEAM = "";
				ENABLE_APP_SANDBOX = NO;
				ENABLE_HARDENED_RUNTIME = YES;
				ENABLE_PREVIEWS = YES;
				ENABLE_RESOURCE_ACCESS_AUDIO_INPUT = NO;
				ENABLE_RESOURCE_ACCESS_CALENDARS = NO;
				ENABLE_RESOURCE_ACCESS_CAMERA = NO;
				ENABLE_RESOURCE_ACCESS_CONTACTS = NO;
				ENABLE_RESOURCE_ACCESS_LOCATION = NO;
				ENABLE_RESOURCE_ACCESS_PHOTO_LIBRARY = NO;
				GENERATE_INFOPLIST_FILE = YES;
				INFOPLIST_FILE = HellPad/Info.plist;
				INFOPLIST_KEY_CFBundleDisplayName = HellPad;
				INFOPLIST_KEY_LSApplicationCategoryType = "public.app-category.utilities";
				INFOPLIST_KEY_NSAppleEventsUsageDescription = "HellPad needs to simulate keypresses to execute stratagems.";
				INFOPLIST_KEY_NSHumanReadableCopyright = "";
				LD_RUNPATH_SEARCH_PATHS = (
					"$(inherited)",
					"@executable_path/../Frameworks",
				);
				MACOSX_DEPLOYMENT_TARGET = 13.5;
				MARKETING_VERSION = 1.2.0;
				PRODUCT_BUNDLE_IDENTIFIER = de.lolco.HellPad;
				PRODUCT_NAME = "$(TARGET_NAME)";
				REGISTER_APP_GROUPS = YES;
				RUNTIME_EXCEPTION_ALLOW_DYLD_ENVIRONMENT_VARIABLES = NO;
				RUNTIME_EXCEPTION_ALLOW_JIT = NO;
				RUNTIME_EXCEPTION_ALLOW_UNSIGNED_EXECUTABLE_MEMORY = NO;
				RUNTIME_EXCEPTION_DEBUGGING_TOOL = NO;
				RUNTIME_EXCEPTION_DISABLE_EXECUTABLE_PAGE_PROTECTION = NO;
				RUNTIME_EXCEPTION_DISABLE_LIBRARY_VALIDATION = YES;
				STRING_CATALOG_GENERATE_SYMBOLS = YES;
				SWIFT_APPROACHABLE_CONCURRENCY = YES;
				SWIFT_DEFAULT_ACTOR_ISOLATION = MainActor;
				SWIFT_EMIT_LOC_STRINGS = YES;
				SWIFT_OPTIMIZATION_LEVEL = "-Onone";
				SWIFT_UPCOMING_FEATURE_MEMBER_IMPORT_VISIBILITY = YES;
				SWIFT_VERSION = 5.9;
			};
			name = Debug;
		};
		267E63AC2EC77CFC001EDD15 /* Release */ = {
			isa = XCBuildConfiguration;
			buildSettings = {
				ASSETCATALOG_COMPILER_APPICON_NAME = AppIcon;
				ASSETCATALOG_COMPILER_GLOBAL_ACCENT_COLOR_NAME = AccentColor;
				AUTOMATION_APPLE_EVENTS = NO;
				CLANG_ENABLE_MODULES = YES;
				"CODE_SIGN_IDENTITY[sdk=macosx*]" = "-";
				CODE_SIGN_STYLE = Automatic;
				COMBINE_HIDPI_IMAGES = YES;
				CURRENT_PROJECT_VERSION = 1;
				DEAD_CODE_STRIPPING = YES;
				DEVELOPMENT_TEAM = "";
				ENABLE_APP_SANDBOX = NO;
				ENABLE_HARDENED_RUNTIME = YES;
				ENABLE_PREVIEWS = YES;
				ENABLE_RESOURCE_ACCESS_AUDIO_INPUT = NO;
				ENABLE_RESOURCE_ACCESS_CALENDARS = NO;
				ENABLE_RESOURCE_ACCESS_CAMERA = NO;
				ENABLE_RESOURCE_ACCESS_CONTACTS = NO;
				ENABLE_RESOURCE_ACCESS_LOCATION = NO;
				ENABLE_RESOURCE_ACCESS_PHOTO_LIBRARY = NO;
				GENERATE_INFOPLIST_FILE = YES;
				INFOPLIST_FILE = HellPad/Info.plist;
				INFOPLIST_KEY_CFBundleDisplayName = HellPad;
				INFOPLIST_KEY_LSApplicationCategoryType = "public.app-category.utilities";
				INFOPLIST_KEY_NSAppleEventsUsageDescription = "HellPad needs to simulate keypresses to execute stratagems.";
				INFOPLIST_KEY_NSHumanReadableCopyright = "";
				LD_RUNPATH_SEARCH_PATHS = (
					"$(inherited)",
					"@executable_path/../Frameworks",
				);
				MACOSX_DEPLOYMENT_TARGET = 13.5;
				MARKETING_VERSION = 1.2.0;
				PRODUCT_BUNDLE_IDENTIFIER = de.lolco.HellPad;
				PRODUCT_NAME = "$(TARGET_NAME)";
				REGISTER_APP_GROUPS = YES;
				RUNTIME_EXCEPTION_ALLOW_DYLD_ENVIRONMENT_VARIABLES = NO;
				RUNTIME_EXCEPTION_ALLOW_JIT = NO;
				RUNTIME_EXCEPTION_ALLOW_UNSIGNED_EXECUTABLE_MEMORY = NO;
				RUNTIME_EXCEPTION_DEBUGGING_TOOL = NO;
				RUNTIME_EXCEPTION_DISABLE_EXECUTABLE_PAGE_PROTECTION = NO;
				RUNTIME_EXCEPTION_DISABLE_LIBRARY_VALIDATION = YES;
				STRING_CATALOG_GENERATE_SYMBOLS = YES;
				SWIFT_APPROACHABLE_CONCURRENCY = YES;
				SWIFT_DEFAULT_ACTOR_ISOLATION = MainActor;
				SWIFT_EMIT_LOC_STRINGS = YES;
				SWIFT_UPCOMING_FEATURE_MEMBER_IMPORT_VISIBILITY = YES;
				SWIFT_VERSION = 5.9;
			};
			name = Release;
		};
/* End XCBuildConfiguration section */

/* Begin XCConfigurationList section */
		267E639A2EC77CFB001EDD15 /* Build configuration list for PBXProject "HellPad" */ = {
			isa = XCConfigurationList;
			buildConfigurations = (
				267E63A82EC77CFC001EDD15 /* Debug */,
				267E63A92EC77CFC001EDD15 /* Release */,
			);
			defaultConfigurationIsVisible = 0;
			defaultConfigurationName = Release;
		};
		267E63AA2EC77CFC001EDD15 /* Build configuration list for PBXNativeTarget "HellPad" */ = {
			isa = XCConfigurationList;
			buildConfigurations = (
				267E63AB2EC77CFC001EDD15 /* Debug */,
				267E63AC2EC77CFC001EDD15 /* Release */,
			);
			defaultConfigurationIsVisible = 0;
			defaultConfigurationName = Release;
		};
/* End XCConfigurationList section */
	};
	rootObject = 267E63972EC77CFB001EDD15 /* Project object */;
}
